
Microsoft Visual Studio Solution File, Format Version 12.00
# Visual Studio Version 17
VisualStudioVersion = 17.9.34728.123
MinimumVisualStudioVersion = 10.0.40219.1
Project("{9A19103F-16F7-4668-BE54-9A1E7A4F7556}") = "SimpleBookLibrary", "SimpleBookLibrary\SimpleBookLibrary.csproj", "{1900F8D3-DFD7-4DCA-87CE-5BF094DC7E34}"
EndProject
Project("{2150E333-8FDC-42A3-9474-1A3956D46DE8}") = "解决方案项", "解决方案项", "{99763606-BC28-4F49-9584-0581D741E884}"
	ProjectSection(SolutionItems) = preProject
		LICENSE.txt = LICENSE.txt
		README.md = README.md
	EndProjectSection
EndProject
Global
	GlobalSection(SolutionConfigurationPlatforms) = preSolution
		Debug|Any CPU = Debug|Any CPU
		Release|Any CPU = Release|Any CPU
	EndGlobalSection
	GlobalSection(ProjectConfigurationPlatforms) = postSolution
		{1900F8D3-DFD7-4DCA-87CE-5BF094DC7E34}.Debug|Any CPU.ActiveCfg = Debug|Any CPU
		{1900F8D3-DFD7-4DCA-87CE-5BF094DC7E34}.Debug|Any CPU.Build.0 = Debug|Any CPU
		{1900F8D3-DFD7-4DCA-87CE-5BF094DC7E34}.Release|Any CPU.ActiveCfg = Release|Any CPU
		{1900F8D3-DFD7-4DCA-87CE-5BF094DC7E34}.Release|Any CPU.Build.0 = Release|Any CPU
	EndGlobalSection
	GlobalSection(SolutionProperties) = preSolution
		HideSolutionNode = FALSE
	EndGlobalSection
	GlobalSection(ExtensibilityGlobals) = postSolution
		SolutionGuid = {8618F427-F5FB-44DD-8DFA-FEB75A596356}
	EndGlobalSection
EndGlobal
